
Microsoft Visual Studio Solution File, Format Version 12.00
Project("{FAE04EC0-301F-11D3-BF4B-00C04F79EFBC}") = "Experian", "Experian.csproj", "{D58FEB2B-95A2-45D9-931E-2311069E7D6E}"
EndProject
Project("{FAE04EC0-301F-11D3-BF4B-00C04F79EFBC}") = "ExperianTest", "Test\ExperianTest\ExperianTest.csproj", "{AC3E6D2D-EEA8-4BD4-859A-6F78638D7390}"
EndProject
Global
	GlobalSection(SolutionConfigurationPlatforms) = preSolution
		Debug|Any CPU = Debug|Any CPU
		Release|Any CPU = Release|Any CPU
	EndGlobalSection
	GlobalSection(ProjectConfigurationPlatforms) = postSolution
		{D58FEB2B-95A2-45D9-931E-2311069E7D6E}.Debug|Any CPU.ActiveCfg = Debug|Any CPU
		{D58FEB2B-95A2-45D9-931E-2311069E7D6E}.Debug|Any CPU.Build.0 = Debug|Any CPU
		{D58FEB2B-95A2-45D9-931E-2311069E7D6E}.Release|Any CPU.ActiveCfg = Release|Any CPU
		{D58FEB2B-95A2-45D9-931E-2311069E7D6E}.Release|Any CPU.Build.0 = Release|Any CPU
		{AC3E6D2D-EEA8-4BD4-859A-6F78638D7390}.Debug|Any CPU.ActiveCfg = Debug|Any CPU
		{AC3E6D2D-EEA8-4BD4-859A-6F78638D7390}.Debug|Any CPU.Build.0 = Debug|Any CPU
		{AC3E6D2D-EEA8-4BD4-859A-6F78638D7390}.Release|Any CPU.ActiveCfg = Release|Any CPU
		{AC3E6D2D-EEA8-4BD4-859A-6F78638D7390}.Release|Any CPU.Build.0 = Release|Any CPU
	EndGlobalSection
EndGlobal
